// !$*UTF8*$!
{
	archiveVersion = 1;
	classes = {
	};
	objectVersion = 46;
	objects = {

/* Begin PBXBuildFile section */
		26B2B6834AB266CEACC7F35C /* Pods_TreeStructure.framework in Frameworks */ = {isa = PBXBuildFile; fileRef = 57E5ECAB35B7D0BBD89A54BE /* Pods_TreeStructure.framework */; };
		8BAC7B701F57102A006D89D0 /* AppDelegate.swift in Sources */ = {isa = PBXBuildFile; fileRef = 8BAC7B6F1F57102A006D89D0 /* AppDelegate.swift */; };
		8BAC7B721F57102A006D89D0 /* ViewController.swift in Sources */ = {isa = PBXBuildFile; fileRef = 8BAC7B711F57102A006D89D0 /* ViewController.swift */; };
		8BAC7B751F57102A006D89D0 /* Main.storyboard in Resources */ = {isa = PBXBuildFile; fileRef = 8BAC7B731F57102A006D89D0 /* Main.storyboard */; };
		8BAC7B781F57102A006D89D0 /* TreeStructure.xcdatamodeld in Sources */ = {isa = PBXBuildFile; fileRef = 8BAC7B761F57102A006D89D0 /* TreeStructure.xcdatamodeld */; };
		8BAC7B7A1F57102A006D89D0 /* Assets.xcassets in Resources */ = {isa = PBXBuildFile; fileRef = 8BAC7B791F57102A006D89D0 /* Assets.xcassets */; };
		8BAC7B7D1F57102A006D89D0 /* LaunchScreen.storyboard in Resources */ = {isa = PBXBuildFile; fileRef = 8BAC7B7B1F57102A006D89D0 /* LaunchScreen.storyboard */; };
		8BAC7B851F571055006D89D0 /* TeamAPIResponse.json in Resources */ = {isa = PBXBuildFile; fileRef = 8BAC7B841F571055006D89D0 /* TeamAPIResponse.json */; };
		8BAC7B871F571EFD006D89D0 /* Member.swift in Sources */ = {isa = PBXBuildFile; fileRef = 8BAC7B861F571EFD006D89D0 /* Member.swift */; };
/* End PBXBuildFile section */

/* Begin PBXFileReference section */
		4CC911ECDCA3A1389D3758F1 /* Pods-TreeStructure.debug.xcconfig */ = {isa = PBXFileReference; includeInIndex = 1; lastKnownFileType = text.xcconfig; name = "Pods-TreeStructure.debug.xcconfig"; path = "Pods/Target Support Files/Pods-TreeStructure/Pods-TreeStructure.debug.xcconfig"; sourceTree = "<group>"; };
		57E5ECAB35B7D0BBD89A54BE /* Pods_TreeStructure.framework */ = {isa = PBXFileReference; explicitFileType = wrapper.framework; includeInIndex = 0; path = Pods_TreeStructure.framework; sourceTree = BUILT_PRODUCTS_DIR; };
		8BAC7B6C1F57102A006D89D0 /* TreeStructure.app */ = {isa = PBXFileReference; explicitFileType = wrapper.application; includeInIndex = 0; path = TreeStructure.app; sourceTree = BUILT_PRODUCTS_DIR; };
		8BAC7B6F1F57102A006D89D0 /* AppDelegate.swift */ = {isa = PBXFileReference; lastKnownFileType = sourcecode.swift; path = AppDelegate.swift; sourceTree = "<group>"; };
		8BAC7B711F57102A006D89D0 /* ViewController.swift */ = {isa = PBXFileReference; lastKnownFileType = sourcecode.swift; path = ViewController.swift; sourceTree = "<group>"; };
		8BAC7B741F57102A006D89D0 /* Base */ = {isa = PBXFileReference; lastKnownFileType = file.storyboard; name = Base; path = Base.lproj/Main.storyboard; sourceTree = "<group>"; };
		8BAC7B771F57102A006D89D0 /* TreeStructure.xcdatamodel */ = {isa = PBXFileReference; lastKnownFileType = wrapper.xcdatamodel; path = TreeStructure.xcdatamodel; sourceTree = "<group>"; };
		8BAC7B791F57102A006D89D0 /* Assets.xcassets */ = {isa = PBXFileReference; lastKnownFileType = folder.assetcatalog; path = Assets.xcassets; sourceTree = "<group>"; };
		8BAC7B7C1F57102A006D89D0 /* Base */ = {isa = PBXFileReference; lastKnownFileType = file.storyboard; name = Base; path = Base.lproj/LaunchScreen.storyboard; sourceTree = "<group>"; };
		8BAC7B7E1F57102A006D89D0 /* Info.plist */ = {isa = PBXFileReference; lastKnownFileType = text.plist.xml; path = Info.plist; sourceTree = "<group>"; };
		8BAC7B841F571055006D89D0 /* TeamAPIResponse.json */ = {isa = PBXFileReference; fileEncoding = 4; lastKnownFileType = text.json; path = TeamAPIResponse.json; sourceTree = "<group>"; };
		8BAC7B861F571EFD006D89D0 /* Member.swift */ = {isa = PBXFileReference; fileEncoding = 4; lastKnownFileType = sourcecode.swift; path = Member.swift; sourceTree = "<group>"; };
		D7F5EC507181BE32D45FA7B3 /* Pods-TreeStructure.release.xcconfig */ = {isa = PBXFileReference; includeInIndex = 1; lastKnownFileType = text.xcconfig; name = "Pods-TreeStructure.release.xcconfig"; path = "Pods/Target Support Files/Pods-TreeStructure/Pods-TreeStructure.release.xcconfig"; sourceTree = "<group>"; };
/* End PBXFileReference section */

/* Begin PBXFrameworksBuildPhase section */
		8BAC7B691F571029006D89D0 /* Frameworks */ = {
			isa = PBXFrameworksBuildPhase;
			buildActionMask = 2147483647;
			files = (
				26B2B6834AB266CEACC7F35C /* Pods_TreeStructure.framework in Frameworks */,
			);
			runOnlyForDeploymentPostprocessing = 0;
		};
/* End PBXFrameworksBuildPhase section */

/* Begin PBXGroup section */
		5AD68EAABB0DDFE5576E5258 /* Pods */ = {
			isa = PBXGroup;
			children = (
				4CC911ECDCA3A1389D3758F1 /* Pods-TreeStructure.debug.xcconfig */,
				D7F5EC507181BE32D45FA7B3 /* Pods-TreeStructure.release.xcconfig */,
			);
			name = Pods;
			sourceTree = "<group>";
		};
		8BAC7B631F571029006D89D0 = {
			isa = PBXGroup;
			children = (
				8BAC7B6E1F57102A006D89D0 /* TreeStructure */,
				8BAC7B6D1F57102A006D89D0 /* Products */,
				5AD68EAABB0DDFE5576E5258 /* Pods */,
				D1A80CB329CCC68B74503D39 /* Frameworks */,
			);
			sourceTree = "<group>";
		};
		8BAC7B6D1F57102A006D89D0 /* Products */ = {
			isa = PBXGroup;
			children = (
				8BAC7B6C1F57102A006D89D0 /* TreeStructure.app */,
			);
			name = Products;
			sourceTree = "<group>";
		};
		8BAC7B6E1F57102A006D89D0 /* TreeStructure */ = {
			isa = PBXGroup;
			children = (
				8BAC7B6F1F57102A006D89D0 /* AppDelegate.swift */,
				8BAC7B711F57102A006D89D0 /* ViewController.swift */,
				8BAC7B731F57102A006D89D0 /* Main.storyboard */,
				8BAC7B791F57102A006D89D0 /* Assets.xcassets */,
				8BAC7B7B1F57102A006D89D0 /* LaunchScreen.storyboard */,
				8BAC7B7E1F57102A006D89D0 /* Info.plist */,
				8BAC7B761F57102A006D89D0 /* TreeStructure.xcdatamodeld */,
				8BAC7B841F571055006D89D0 /* TeamAPIResponse.json */,
				8BAC7B861F571EFD006D89D0 /* Member.swift */,
			);
			path = TreeStructure;
			sourceTree = "<group>";
		};
		D1A80CB329CCC68B74503D39 /* Frameworks */ = {
			isa = PBXGroup;
			children = (
				57E5ECAB35B7D0BBD89A54BE /* Pods_TreeStructure.framework */,
			);
			name = Frameworks;
			sourceTree = "<group>";
		};
/* End PBXGroup section */

/* Begin PBXNativeTarget section */
		8BAC7B6B1F571029006D89D0 /* TreeStructure */ = {
			isa = PBXNativeTarget;
			buildConfigurationList = 8BAC7B811F57102A006D89D0 /* Build configuration list for PBXNativeTarget "TreeStructure" */;
			buildPhases = (
				FFA5E3B78383DAFEE0525BD2 /* [CP] Check Pods Manifest.lock */,
				8BAC7B681F571029006D89D0 /* Sources */,
				8BAC7B691F571029006D89D0 /* Frameworks */,
				8BAC7B6A1F571029006D89D0 /* Resources */,
				1EFA88F7F9662415C6A72444 /* [CP] Embed Pods Frameworks */,
				B47F4BAF2FF96B678DA35873 /* [CP] Copy Pods Resources */,
			);
			buildRules = (
			);
			dependencies = (
			);
			name = TreeStructure;
			productName = TreeStructure;
			productReference = 8BAC7B6C1F57102A006D89D0 /* TreeStructure.app */;
			productType = "com.apple.product-type.application";
		};
/* End PBXNativeTarget section */

/* Begin PBXProject section */
		8BAC7B641F571029006D89D0 /* Project object */ = {
			isa = PBXProject;
			attributes = {
				LastSwiftUpdateCheck = 0830;
				LastUpgradeCheck = 0830;
				ORGANIZATIONNAME = "Varun Wadhwa";
				TargetAttributes = {
					8BAC7B6B1F571029006D89D0 = {
						CreatedOnToolsVersion = 8.3.3;
						ProvisioningStyle = Automatic;
					};
				};
			};
			buildConfigurationList = 8BAC7B671F571029006D89D0 /* Build configuration list for PBXProject "TreeStructure" */;
			compatibilityVersion = "Xcode 3.2";
			developmentRegion = English;
			hasScannedForEncodings = 0;
			knownRegions = (
				en,
				Base,
			);
			mainGroup = 8BAC7B631F571029006D89D0;
			productRefGroup = 8BAC7B6D1F57102A006D89D0 /* Products */;
			projectDirPath = "";
			projectRoot = "";
			targets = (
				8BAC7B6B1F571029006D89D0 /* TreeStructure */,
			);
		};
/* End PBXProject section */

/* Begin PBXResourcesBuildPhase section */
		8BAC7B6A1F571029006D89D0 /* Resources */ = {
			isa = PBXResourcesBuildPhase;
			buildActionMask = 2147483647;
			files = (
				8BAC7B7D1F57102A006D89D0 /* LaunchScreen.storyboard in Resources */,
				8BAC7B7A1F57102A006D89D0 /* Assets.xcassets in Resources */,
				8BAC7B751F57102A006D89D0 /* Main.storyboard in Resources */,
				8BAC7B851F571055006D89D0 /* TeamAPIResponse.json in Resources */,
			);
			runOnlyForDeploymentPostprocessing = 0;
		};
/* End PBXResourcesBuildPhase section */

/* Begin PBXShellScriptBuildPhase section */
		1EFA88F7F9662415C6A72444 /* [CP] Embed Pods Frameworks */ = {
			isa = PBXShellScriptBuildPhase;
			buildActionMask = 2147483647;
			files = (
			);
			inputPaths = (
			);
			name = "[CP] Embed Pods Frameworks";
			outputPaths = (
			);
			runOnlyForDeploymentPostprocessing = 0;
			shellPath = /bin/sh;
			shellScript = "\"${SRCROOT}/Pods/Target Support Files/Pods-TreeStructure/Pods-TreeStructure-frameworks.sh\"\n";
			showEnvVarsInLog = 0;
		};
		B47F4BAF2FF96B678DA35873 /* [CP] Copy Pods Resources */ = {
			isa = PBXShellScriptBuildPhase;
			buildActionMask = 2147483647;
			files = (
			);
			inputPaths = (
			);
			name = "[CP] Copy Pods Resources";
			outputPaths = (
			);
			runOnlyForDeploymentPostprocessing = 0;
			shellPath = /bin/sh;
			shellScript = "\"${SRCROOT}/Pods/Target Support Files/Pods-TreeStructure/Pods-TreeStructure-resources.sh\"\n";
			showEnvVarsInLog = 0;
		};
		FFA5E3B78383DAFEE0525BD2 /* [CP] Check Pods Manifest.lock */ = {
			isa = PBXShellScriptBuildPhase;
			buildActionMask = 2147483647;
			files = (
			);
			inputPaths = (
			);
			name = "[CP] Check Pods Manifest.lock";
			outputPaths = (
			);
			runOnlyForDeploymentPostprocessing = 0;
			shellPath = /bin/sh;
			shellScript = "diff \"${PODS_ROOT}/../Podfile.lock\" \"${PODS_ROOT}/Manifest.lock\" > /dev/null\nif [ $? != 0 ] ; then\n    # print error to STDERR\n    echo \"error: The sandbox is not in sync with the Podfile.lock. Run 'pod install' or update your CocoaPods installation.\" >&2\n    exit 1\nfi\n";
			showEnvVarsInLog = 0;
		};
/* End PBXShellScriptBuildPhase section */

/* Begin PBXSourcesBuildPhase section */
		8BAC7B681F571029006D89D0 /* Sources */ = {
			isa = PBXSourcesBuildPhase;
			buildActionMask = 2147483647;
			files = (
				8BAC7B721F57102A006D89D0 /* ViewController.swift in Sources */,
				8BAC7B701F57102A006D89D0 /* AppDelegate.swift in Sources */,
				8BAC7B781F57102A006D89D0 /* TreeStructure.xcdatamodeld in Sources */,
				8BAC7B871F571EFD006D89D0 /* Member.swift in Sources */,
			);
			runOnlyForDeploymentPostprocessing = 0;
		};
/* End PBXSourcesBuildPhase section */

/* Begin PBXVariantGroup section */
		8BAC7B731F57102A006D89D0 /* Main.storyboard */ = {
			isa = PBXVariantGroup;
			children = (
				8BAC7B741F57102A006D89D0 /* Base */,
			);
			name = Main.storyboard;
			sourceTree = "<group>";
		};
		8BAC7B7B1F57102A006D89D0 /* LaunchScreen.storyboard */ = {
			isa = PBXVariantGroup;
			children = (
				8BAC7B7C1F57102A006D89D0 /* Base */,
			);
			name = LaunchScreen.storyboard;
			sourceTree = "<group>";
		};
/* End PBXVariantGroup section */

/* Begin XCBuildConfiguration section */
		8BAC7B7F1F57102A006D89D0 /* Debug */ = {
			isa = XCBuildConfiguration;
			buildSettings = {
				ALWAYS_SEARCH_USER_PATHS = NO;
				CLANG_ANALYZER_NONNULL = YES;
				CLANG_ANALYZER_NUMBER_OBJECT_CONVERSION = YES_AGGRESSIVE;
				CLANG_CXX_LANGUAGE_STANDARD = "gnu++0x";
				CLANG_CXX_LIBRARY = "libc++";
				CLANG_ENABLE_MODULES = YES;
				CLANG_ENABLE_OBJC_ARC = YES;
				CLANG_WARN_BOOL_CONVERSION = YES;
				CLANG_WARN_CONSTANT_CONVERSION = YES;
				CLANG_WARN_DIRECT_OBJC_ISA_USAGE = YES_ERROR;
				CLANG_WARN_DOCUMENTATION_COMMENTS = YES;
				CLANG_WARN_EMPTY_BODY = YES;
				CLANG_WARN_ENUM_CONVERSION = YES;
				CLANG_WARN_INFINITE_RECURSION = YES;
				CLANG_WARN_INT_CONVERSION = YES;
				CLANG_WARN_OBJC_ROOT_CLASS = YES_ERROR;
				CLANG_WARN_SUSPICIOUS_MOVE = YES;
				CLANG_WARN_UNREACHABLE_CODE = YES;
				CLANG_WARN__DUPLICATE_METHOD_MATCH = YES;
				"CODE_SIGN_IDENTITY[sdk=iphoneos*]" = "iPhone Developer";
				COPY_PHASE_STRIP = NO;
				DEBUG_INFORMATION_FORMAT = dwarf;
				ENABLE_STRICT_OBJC_MSGSEND = YES;
				ENABLE_TESTABILITY = YES;
				GCC_C_LANGUAGE_STANDARD = gnu99;
				GCC_DYNAMIC_NO_PIC = NO;
				GCC_NO_COMMON_BLOCKS = YES;
				GCC_OPTIMIZATION_LEVEL = 0;
				GCC_PREPROCESSOR_DEFINITIONS = (
					"DEBUG=1",
					"$(inherited)",
				);
				GCC_WARN_64_TO_32_BIT_CONVERSION = YES;
				GCC_WARN_ABOUT_RETURN_TYPE = YES_ERROR;
				GCC_WARN_UNDECLARED_SELECTOR = YES;
				GCC_WARN_UNINITIALIZED_AUTOS = YES_AGGRESSIVE;
				GCC_WARN_UNUSED_FUNCTION = YES;
				GCC_WARN_UNUSED_VARIABLE = YES;
				IPHONEOS_DEPLOYMENT_TARGET = 10.3;
				MTL_ENABLE_DEBUG_INFO = YES;
				ONLY_ACTIVE_ARCH = YES;
				SDKROOT = iphoneos;
				SWIFT_ACTIVE_COMPILATION_CONDITIONS = DEBUG;
				SWIFT_OPTIMIZATION_LEVEL = "-Onone";
			};
			name = Debug;
		};
		8BAC7B801F57102A006D89D0 /* Release */ = {
			isa = XCBuildConfiguration;
			buildSettings = {
				ALWAYS_SEARCH_USER_PATHS = NO;
				CLANG_ANALYZER_NONNULL = YES;
				CLANG_ANALYZER_NUMBER_OBJECT_CONVERSION = YES_AGGRESSIVE;
				CLANG_CXX_LANGUAGE_STANDARD = "gnu++0x";
				CLANG_CXX_LIBRARY = "libc++";
				CLANG_ENABLE_MODULES = YES;
				CLANG_ENABLE_OBJC_ARC = YES;
				CLANG_WARN_BOOL_CONVERSION = YES;
				CLANG_WARN_CONSTANT_CONVERSION = YES;
				CLANG_WARN_DIRECT_OBJC_ISA_USAGE = YES_ERROR;
				CLANG_WARN_DOCUMENTATION_COMMENTS = YES;
				CLANG_WARN_EMPTY_BODY = YES;
				CLANG_WARN_ENUM_CONVERSION = YES;
				CLANG_WARN_INFINITE_RECURSION = YES;
				CLANG_WARN_INT_CONVERSION = YES;
				CLANG_WARN_OBJC_ROOT_CLASS = YES_ERROR;
				CLANG_WARN_SUSPICIOUS_MOVE = YES;
				CLANG_WARN_UNREACHABLE_CODE = YES;
				CLANG_WARN__DUPLICATE_METHOD_MATCH = YES;
				"CODE_SIGN_IDENTITY[sdk=iphoneos*]" = "iPhone Developer";
				COPY_PHASE_STRIP = NO;
				DEBUG_INFORMATION_FORMAT = "dwarf-with-dsym";
				ENABLE_NS_ASSERTIONS = NO;
				ENABLE_STRICT_OBJC_MSGSEND = YES;
				GCC_C_LANGUAGE_STANDARD = gnu99;
				GCC_NO_COMMON_BLOCKS = YES;
				GCC_WARN_64_TO_32_BIT_CONVERSION = YES;
				GCC_WARN_ABOUT_RETURN_TYPE = YES_ERROR;
				GCC_WARN_UNDECLARED_SELECTOR = YES;
				GCC_WARN_UNINITIALIZED_AUTOS = YES_AGGRESSIVE;
				GCC_WARN_UNUSED_FUNCTION = YES;
				GCC_WARN_UNUSED_VARIABLE = YES;
				IPHONEOS_DEPLOYMENT_TARGET = 10.3;
				MTL_ENABLE_DEBUG_INFO = NO;
				SDKROOT = iphoneos;
				SWIFT_OPTIMIZATION_LEVEL = "-Owholemodule";
				VALIDATE_PRODUCT = YES;
			};
			name = Release;
		};
		8BAC7B821F57102A006D89D0 /* Debug */ = {
			isa = XCBuildConfiguration;
			baseConfigurationReference = 4CC911ECDCA3A1389D3758F1 /* Pods-TreeStructure.debug.xcconfig */;
			buildSettings = {
				ASSETCATALOG_COMPILER_APPICON_NAME = AppIcon;
				INFOPLIST_FILE = TreeStructure/Info.plist;
				LD_RUNPATH_SEARCH_PATHS = "$(inherited) @executable_path/Frameworks";
				PRODUCT_BUNDLE_IDENTIFIER = Personal.TreeStructure;
				PRODUCT_NAME = "$(TARGET_NAME)";
				SWIFT_VERSION = 3.0;
			};
			name = Debug;
		};
		8BAC7B831F57102A006D89D0 /* Release */ = {
			isa = XCBuildConfiguration;
			baseConfigurationReference = D7F5EC507181BE32D45FA7B3 /* Pods-TreeStructure.release.xcconfig */;
			buildSettings = {
				ASSETCATALOG_COMPILER_APPICON_NAME = AppIcon;
				INFOPLIST_FILE = TreeStructure/Info.plist;
				LD_RUNPATH_SEARCH_PATHS = "$(inherited) @executable_path/Frameworks";
				PRODUCT_BUNDLE_IDENTIFIER = Personal.TreeStructure;
				PRODUCT_NAME = "$(TARGET_NAME)";
				SWIFT_VERSION = 3.0;
			};
			name = Release;
		};
/* End XCBuildConfiguration section */

/* Begin XCConfigurationList section */
		8BAC7B671F571029006D89D0 /* Build configuration list for PBXProject "TreeStructure" */ = {
			isa = XCConfigurationList;
			buildConfigurations = (
				8BAC7B7F1F57102A006D89D0 /* Debug */,
				8BAC7B801F57102A006D89D0 /* Release */,
			);
			defaultConfigurationIsVisible = 0;
			defaultConfigurationName = Release;
		};
		8BAC7B811F57102A006D89D0 /* Build configuration list for PBXNativeTarget "TreeStructure" */ = {
			isa = XCConfigurationList;
			buildConfigurations = (
				8BAC7B821F57102A006D89D0 /* Debug */,
				8BAC7B831F57102A006D89D0 /* Release */,
			);
			defaultConfigurationIsVisible = 0;
			defaultConfigurationName = Release;
		};
/* End XCConfigurationList section */

/* Begin XCVersionGroup section */
		8BAC7B761F57102A006D89D0 /* TreeStructure.xcdatamodeld */ = {
			isa = XCVersionGroup;
			children = (
				8BAC7B771F57102A006D89D0 /* TreeStructure.xcdatamodel */,
			);
			currentVersion = 8BAC7B771F57102A006D89D0 /* TreeStructure.xcdatamodel */;
			path = TreeStructure.xcdatamodeld;
			sourceTree = "<group>";
			versionGroupType = wrapper.xcdatamodel;
		};
/* End XCVersionGroup section */
	};
	rootObject = 8BAC7B641F571029006D89D0 /* Project object */;
}
